
Microsoft Visual Studio Solution File, Format Version 12.00
# Visual Studio Version 17
VisualStudioVersion = 17.0.31903.59
MinimumVisualStudioVersion = 10.0.40219.1
Project("{FAE04EC0-301F-11D3-BF4B-00C04F79EFBC}") = "seale2", "seale2\seale2.csproj", "{469FC3C2-4ECD-4942-81D1-95EC979E6EEC}"
EndProject
Global
	GlobalSection(SolutionConfigurationPlatforms) = preSolution
		Debug|Any CPU = Debug|Any CPU
		Release|Any CPU = Release|Any CPU
	EndGlobalSection
	GlobalSection(ProjectConfigurationPlatforms) = postSolution
		{469FC3C2-4ECD-4942-81D1-95EC979E6EEC}.Debug|Any CPU.ActiveCfg = Debug|Any CPU
		{469FC3C2-4ECD-4942-81D1-95EC979E6EEC}.Debug|Any CPU.Build.0 = Debug|Any CPU
		{469FC3C2-4ECD-4942-81D1-95EC979E6EEC}.Release|Any CPU.ActiveCfg = Release|Any CPU
		{469FC3C2-4ECD-4942-81D1-95EC979E6EEC}.Release|Any CPU.Build.0 = Release|Any CPU
	EndGlobalSection
	GlobalSection(SolutionProperties) = preSolution
		HideSolutionNode = FALSE
	EndGlobalSection
	GlobalSection(ExtensibilityGlobals) = postSolution
		SolutionGuid = {51B90831-34D0-435B-A528-FCDD4EB1AEC6}
	EndGlobalSection
EndGlobal
